{
  "name": "badgeek-code",
  "version": "1.0.0",
  "lockfileVersion": 1,
  "requires": true,
  "dependencies": {
    "@fortawesome/fontawesome-free": {
      "version": "5.11.2",
      "dev": true
    },
    "@yaireo/tagify": {
      "version": "3.17.4",
      "resolved": "https://registry.npmjs.org/@yaireo/tagify/-/tagify-3.17.4.tgz",
      "integrity": "sha512-ZWRznbHWmREyFZz+CGsl5sxlCMpYyauiOEgCnpxrWOUToPzEIYhfhrcjdcBmf1AjZnQQdRDEv4HCahuqZiN+XA=="
    },
    "bootstrap-fileinput": {
      "version": "5.0.7",
      "requires": {
        "bootstrap": ">= 3.4.1",
        "jquery": ">= 1.9.0",
        "opencollective-postinstall": "^2.0.2"
      },
      "dependencies": {
        "bootstrap": {
          "version": "4.3.1",
          "resolved": "https://registry.npmjs.org/bootstrap/-/bootstrap-4.3.1.tgz",
          "integrity": "sha512-rXqOmH1VilAt2DyPzluTi2blhk17bO7ef+zLLPlWvG494pDxcM234pJ8wTc/6R40UWizAIIMgxjvxZg5kmsbag=="
        },
        "jquery": {
          "version": "3.5.0",
          "resolved": "https://registry.npmjs.org/jquery/-/jquery-3.5.0.tgz",
          "integrity": "sha512-Xb7SVYMvygPxbFMpTFQiHh1J7HClEaThguL15N/Gg37Lri/qKyhRGZYzHRyLH8Stq3Aow0LsHO2O2ci86fCrNQ=="
        }
      }
    },
    "dom-walk": {
      "version": "0.1.2",
      "resolved": "https://registry.npmjs.org/dom-walk/-/dom-walk-0.1.2.tgz",
      "integrity": "sha512-6QvTW9mrGeIegrFXdtQi9pk7O/nSK6lSdXW2eqUspN5LWD7UTji2Fqw5V2YLjBpHEoU9Xl/eUWNpDeZvoyOv2w=="
    },
    "dompurify": {
      "version": "2.0.7"
    },
    "global": {
      "version": "4.4.0",
      "resolved": "https://registry.npmjs.org/global/-/global-4.4.0.tgz",
      "integrity": "sha512-wv/LAoHdRE3BeTGz53FAamhGlPLhlssK45usmGFThIi4XqnBmjKQ16u+RNbP7WvigRZDxUsM0J3gcQ5yicaL0w==",
      "requires": {
        "min-document": "^2.19.0",
        "process": "^0.11.10"
      }
    },
    "mediaelement": {
      "version": "4.2.16",
      "requires": {
        "global": "^4.3.1"
      }
    },
    "min-document": {
      "version": "2.19.0",
      "resolved": "https://registry.npmjs.org/min-document/-/min-document-2.19.0.tgz",
      "integrity": "sha1-e9KC4/WELtKVu3SM3Z8f+iyCRoU=",
      "requires": {
        "dom-walk": "^0.1.0"
      }
    },
    "one-validation": {
      "version": "2.0.0",
      "resolved": "https://registry.npmjs.org/one-validation/-/one-validation-2.0.0.tgz",
      "integrity": "sha1-JQulgvXxgvaZ2FpfalB4zJmhmKY="
    },
    "opencollective-postinstall": {
      "version": "2.0.2",
      "resolved": "https://registry.npmjs.org/opencollective-postinstall/-/opencollective-postinstall-2.0.2.tgz",
      "integrity": "sha512-pVOEP16TrAO2/fjej1IdOyupJY8KDUM1CvsaScRbw6oddvpQoOfGk4ywha0HKKVAD6RkW4x6Q+tNBwhf3Bgpuw=="
    },
    "piexifjs": {
      "version": "1.0.6"
    },
    "popper.js": {
      "version": "1.16.0"
    },
    "process": {
      "version": "0.11.10",
      "resolved": "https://registry.npmjs.org/process/-/process-0.11.10.tgz",
      "integrity": "sha1-czIwDoQBYb2j5podHZGn1LwW8YI="
    },
    "punycode": {
      "version": "1.3.0",
      "resolved": "https://registry.npmjs.org/punycode/-/punycode-1.3.0.tgz",
      "integrity": "sha1-f1AJ71OblES+XHoZq9LDyknhcxw="
    },
    "purify": {
      "version": "3.4.0",
      "requires": {
        "one-validation": "2.0.0",
        "punycode": "1.3.0",
        "unicoderegexp": "0.3.0"
      }
    },
    "sortablejs": {
      "version": "1.10.1"
    },
    "taggle": {
      "version": "1.15.0"
    },
    "unicoderegexp": {
      "version": "0.3.0",
      "resolved": "https://registry.npmjs.org/unicoderegexp/-/unicoderegexp-0.3.0.tgz",
      "integrity": "sha1-lVqlcWbZYO7DOPbEFe0BkM1TsMo="
    }
  }
}
