# THIS IS AN AUTOGENERATED FILE. DO NOT EDIT THIS FILE DIRECTLY.
# yarn lockfile v1


"@fortawesome/fontawesome-free@^5.11.2":
  version "5.11.2"
  resolved "https://registry.yarnpkg.com/@fortawesome/fontawesome-free/-/fontawesome-free-5.11.2.tgz#8644bc25b19475779a7b7c1fc104bc0a794f4465"
  integrity sha512-XiUPoS79r1G7PcpnNtq85TJ7inJWe0v+b5oZJZKb0pGHNIV6+UiNeQWiFGmuQ0aj7GEhnD/v9iqxIsjuRKtEnQ==

bootstrap-fileinput@^5.0.7:
  version "5.0.7"
  resolved "https://registry.yarnpkg.com/bootstrap-fileinput/-/bootstrap-fileinput-5.0.7.tgz#15288d057f87728fe9132c81baa8817780762a32"
  integrity sha512-+hr/moRohYrtTZQ8wgNNYoqEhEZ87bhHdjDVi6WNC1WDuH2XvnQ/doaTKISYfpM7bfopukILtz489Uxh+UDBEw==
  dependencies:
    bootstrap ">= 3.4.1"
    jquery ">= 1.9.0"
    opencollective-postinstall "^2.0.2"

"bootstrap@>= 3.4.1":
  version "4.4.1"
  resolved "https://registry.yarnpkg.com/bootstrap/-/bootstrap-4.4.1.tgz#8582960eea0c5cd2bede84d8b0baf3789c3e8b01"
  integrity sha512-tbx5cHubwE6e2ZG7nqM3g/FZ5PQEDMWmMGNrCUBVRPHXTJaH7CBDdsLeu3eCh3B1tzAxTnAbtmrzvWEvT2NNEA==

bootstrap@^4.3.1:
  version "4.3.1"
  resolved "https://registry.yarnpkg.com/bootstrap/-/bootstrap-4.3.1.tgz#280ca8f610504d99d7b6b4bfc4b68cec601704ac"
  integrity sha512-rXqOmH1VilAt2DyPzluTi2blhk17bO7ef+zLLPlWvG494pDxcM234pJ8wTc/6R40UWizAIIMgxjvxZg5kmsbag==

dom-walk@^0.1.0:
  version "0.1.2"
  resolved "https://registry.yarnpkg.com/dom-walk/-/dom-walk-0.1.2.tgz#0c548bef048f4d1f2a97249002236060daa3fd84"
  integrity sha512-6QvTW9mrGeIegrFXdtQi9pk7O/nSK6lSdXW2eqUspN5LWD7UTji2Fqw5V2YLjBpHEoU9Xl/eUWNpDeZvoyOv2w==

dompurify@^2.0.7:
  version "2.0.7"
  resolved "https://registry.yarnpkg.com/dompurify/-/dompurify-2.0.7.tgz#f8266ad38fe1602fb5b3222f31eedbf5c16c4fd5"
  integrity sha512-S3O0lk6rFJtO01ZTzMollCOGg+WAtCwS3U5E2WSDY/x/sy7q70RjEC4Dmrih5/UqzLLB9XoKJ8KqwBxaNvBu4A==

global@^4.3.1:
  version "4.4.0"
  resolved "https://registry.yarnpkg.com/global/-/global-4.4.0.tgz#3e7b105179006a323ed71aafca3e9c57a5cc6406"
  integrity sha512-wv/LAoHdRE3BeTGz53FAamhGlPLhlssK45usmGFThIi4XqnBmjKQ16u+RNbP7WvigRZDxUsM0J3gcQ5yicaL0w==
  dependencies:
    min-document "^2.19.0"
    process "^0.11.10"

"jquery@>= 1.9.0", jquery@^3.5.0:
  version "3.5.0"
  resolved "https://registry.yarnpkg.com/jquery/-/jquery-3.5.0.tgz#9980b97d9e4194611c36530e7dc46a58d7340fc9"
  integrity sha512-Xb7SVYMvygPxbFMpTFQiHh1J7HClEaThguL15N/Gg37Lri/qKyhRGZYzHRyLH8Stq3Aow0LsHO2O2ci86fCrNQ==

mediaelement@^4.2.16:
  version "4.2.16"
  resolved "https://registry.yarnpkg.com/mediaelement/-/mediaelement-4.2.16.tgz#399a41815478134bbaf0f8f5a216f444de244d72"
  integrity sha512-5GinxsRpVA36w6tAD6nTqVSiZ0LzIhqUrzD8wzOAtZPPM7NOwOBtz6Oa85VemS+3Jvoo38jM1RvNqwKYJBBxtQ==
  dependencies:
    global "^4.3.1"

min-document@^2.19.0:
  version "2.19.0"
  resolved "https://registry.yarnpkg.com/min-document/-/min-document-2.19.0.tgz#7bd282e3f5842ed295bb748cdd9f1ffa2c824685"
  integrity sha1-e9KC4/WELtKVu3SM3Z8f+iyCRoU=
  dependencies:
    dom-walk "^0.1.0"

one-validation@2.0.0:
  version "2.0.0"
  resolved "https://registry.yarnpkg.com/one-validation/-/one-validation-2.0.0.tgz#250ba582f5f182f699d85a5f6a5078cc99a198a6"
  integrity sha1-JQulgvXxgvaZ2FpfalB4zJmhmKY=

opencollective-postinstall@^2.0.2:
  version "2.0.2"
  resolved "https://registry.yarnpkg.com/opencollective-postinstall/-/opencollective-postinstall-2.0.2.tgz#5657f1bede69b6e33a45939b061eb53d3c6c3a89"
  integrity sha512-pVOEP16TrAO2/fjej1IdOyupJY8KDUM1CvsaScRbw6oddvpQoOfGk4ywha0HKKVAD6RkW4x6Q+tNBwhf3Bgpuw==

piexifjs@^1.0.6:
  version "1.0.6"
  resolved "https://registry.yarnpkg.com/piexifjs/-/piexifjs-1.0.6.tgz#883811d73f447218d0d06e9ed7866d04533e59e0"
  integrity sha512-0wVyH0cKohzBQ5Gi2V1BuxYpxWfxF3cSqfFXfPIpl5tl9XLS5z4ogqhUCD20AbHi0h9aJkqXNJnkVev6gwh2ag==

popper.js@^1.16.0:
  version "1.16.0"
  resolved "https://registry.yarnpkg.com/popper.js/-/popper.js-1.16.0.tgz#2e1816bcbbaa518ea6c2e15a466f4cb9c6e2fbb3"
  integrity sha512-+G+EkOPoE5S/zChTpmBSSDYmhXJ5PsW8eMhH8cP/CQHMFPBG/kC9Y5IIw6qNYgdJ+/COf0ddY2li28iHaZRSjw==

process@^0.11.10:
  version "0.11.10"
  resolved "https://registry.yarnpkg.com/process/-/process-0.11.10.tgz#7332300e840161bda3e69a1d1d91a7d4bc16f182"
  integrity sha1-czIwDoQBYb2j5podHZGn1LwW8YI=

punycode@1.3.0:
  version "1.3.0"
  resolved "https://registry.yarnpkg.com/punycode/-/punycode-1.3.0.tgz#7f5009ef539b9444be5c7a19abd2c3ca49e1731c"
  integrity sha1-f1AJ71OblES+XHoZq9LDyknhcxw=

purify@^3.4.0:
  version "3.4.0"
  resolved "https://registry.yarnpkg.com/purify/-/purify-3.4.0.tgz#8917872fb698c797f7c8811de5da8ae6693e617f"
  integrity sha512-yydO0EnYrNDlML0cyvUc/XJhi/sQe8AqRCxLib5AHz1WgykD98EahyZWZhGG2rw5yYF59LQ8KPBdVMPQpf/Fbw==
  dependencies:
    one-validation "2.0.0"
    punycode "1.3.0"
    unicoderegexp "0.3.0"

sortablejs@^1.10.1:
  version "1.10.1"
  resolved "https://registry.yarnpkg.com/sortablejs/-/sortablejs-1.10.1.tgz#3d52b00f871be00f00f84d99a60d120bf3dfe52c"
  integrity sha512-N6r7GrVmO8RW1rn0cTdvK3JR0BcqecAJ0PmYMCL3ZuqTH3pY+9QyqkmJSkkLyyDvd+AJnwaxTP22Ybr/83V9hQ==

unicoderegexp@0.3.0:
  version "0.3.0"
  resolved "https://registry.yarnpkg.com/unicoderegexp/-/unicoderegexp-0.3.0.tgz#955aa57166d960eec338f6c415ed0190cd53b0ca"
  integrity sha1-lVqlcWbZYO7DOPbEFe0BkM1TsMo=
