# THIS IS AN AUTOGENERATED FILE. DO NOT EDIT THIS FILE DIRECTLY.
# yarn lockfile v1


"@fortawesome/fontawesome-free@^5.15.3":
  version "5.15.3"
  resolved "https://registry.yarnpkg.com/@fortawesome/fontawesome-free/-/fontawesome-free-5.15.3.tgz#c36ffa64a2a239bf948541a97b6ae8d729e09a9a"
  integrity sha512-rFnSUN/QOtnOAgqFRooTA3H57JLDm0QEG/jPdk+tLQNL/eWd+Aok8g3qCI+Q1xuDPWpGW/i9JySpJVsq8Q0s9w==

"@popperjs/core@^2.9.2":
  version "2.9.2"
  resolved "https://registry.yarnpkg.com/@popperjs/core/-/core-2.9.2.tgz#adea7b6953cbb34651766b0548468e743c6a2353"
  integrity sha512-VZMYa7+fXHdwIq1TDhSXoVmSPEGM/aa+6Aiq3nVVJ9bXr24zScr+NlKFKC3iPljA7ho/GAZr+d2jOf5GIRC30Q==

"@yaireo/tagify@^3.17.4":
  version "3.25.0"
  resolved "https://registry.yarnpkg.com/@yaireo/tagify/-/tagify-3.25.0.tgz#4a0728cf68c713ae16c25d52393a910e2dfb5875"
  integrity sha512-aBRkGDkWdv6ZnRUCcA0mBIK5f3YegnxlFO9vj9zN5zSAUO90m2v5TsOPYN60sk6RNU/y556oc8jAmeSY7FUvaQ==

bootstrap-fileinput@^5.0.7:
  version "5.2.2"
  resolved "https://registry.yarnpkg.com/bootstrap-fileinput/-/bootstrap-fileinput-5.2.2.tgz#076e23c456258138d41d11c26e90866807453c40"
  integrity sha512-hrFvpxkO06oyoBo6sdLnAZGsGZMrLbBNx17A4e+VtoBSTphOaupiX68r9yo3N0LmnpEi7J7O3ESAJm1m/37KOA==
  dependencies:
    bootstrap ">= 3.4.1"
    jquery ">= 1.9.0"
    opencollective-postinstall "^2.0.2"

bootstrap4c-dropzone@^1.0.6:
  version "1.0.6"
  resolved "https://registry.yarnpkg.com/bootstrap4c-dropzone/-/bootstrap4c-dropzone-1.0.6.tgz#f26d13611adf6dc675ba3145f0eae96bcc0e7668"
  integrity sha512-hYFl0JYkymFUEg2JXCHpv+E8ZxYU/TYHWmhTTAk3pgIM6G8rXJiZYrotXhtnb5A16qR7C5MTaraeVeKue48lcQ==
  dependencies:
    bootstrap "^4.0.0"
    dropzone "^4.3.0"

"bootstrap@>= 3.4.1":
  version "5.0.2"
  resolved "https://registry.yarnpkg.com/bootstrap/-/bootstrap-5.0.2.tgz#aff23d5e0e03c31255ad437530ee6556e78e728e"
  integrity sha512-1Ge963tyEQWJJ+8qtXFU6wgmAVj9gweEjibUdbmcCEYsn38tVwRk8107rk2vzt6cfQcRr3SlZ8aQBqaD8aqf+Q==

bootstrap@^4.0.0, bootstrap@^4.3.1:
  version "4.6.0"
  resolved "https://registry.yarnpkg.com/bootstrap/-/bootstrap-4.6.0.tgz#97b9f29ac98f98dfa43bf7468262d84392552fd7"
  integrity sha512-Io55IuQY3kydzHtbGvQya3H+KorS/M9rSNyfCGCg9WZ4pyT/lCxIlpJgG1GXW/PswzC84Tr2fBYi+7+jFVQQBw==

datatables.net-bs4@^1.10.24:
  version "1.10.25"
  resolved "https://registry.yarnpkg.com/datatables.net-bs4/-/datatables.net-bs4-1.10.25.tgz#4474d6738bf55a25d20da79afe18e1e654cfca42"
  integrity sha512-leoiWJWxoPKHBNC9dkFRE84PRybQcAI2Aw4UiS5zisROcYRx8YG1uQOTtID4jbqakmbwwXap/c2eH+sdVP5t2w==
  dependencies:
    datatables.net "1.10.25"
    jquery ">=1.7"

datatables.net-dt@^1.10.24:
  version "1.10.25"
  resolved "https://registry.yarnpkg.com/datatables.net-dt/-/datatables.net-dt-1.10.25.tgz#9602803770307743275ab530fc5b1cc002236d72"
  integrity sha512-MIr83Q+KGwea4UsNzVwjgW1vraODKWKLUsMG0aT4ZBG83/7+uGvGsjfFLBPrTtERXxji0tGVLeuFTHvJexufHA==
  dependencies:
    datatables.net "1.10.25"
    jquery ">=1.7"

datatables.net@1.10.25:
  version "1.10.25"
  resolved "https://registry.yarnpkg.com/datatables.net/-/datatables.net-1.10.25.tgz#fc03a239e08f91d1d64ba101aa54daf4086d162c"
  integrity sha512-y0+C7all+MC/h1acwnjErhaJPjYGKpWTvbXrfEUbR8+P+nnhgjNn5nL1udgsTwBObMhlj1KITNBRrM/ZLSoj+Q==
  dependencies:
    jquery ">=1.7"

dom-walk@^0.1.0:
  version "0.1.2"
  resolved "https://registry.yarnpkg.com/dom-walk/-/dom-walk-0.1.2.tgz#0c548bef048f4d1f2a97249002236060daa3fd84"
  integrity sha512-6QvTW9mrGeIegrFXdtQi9pk7O/nSK6lSdXW2eqUspN5LWD7UTji2Fqw5V2YLjBpHEoU9Xl/eUWNpDeZvoyOv2w==

dompurify@^2.0.17:
  version "2.3.0"
  resolved "https://registry.yarnpkg.com/dompurify/-/dompurify-2.3.0.tgz#07bb39515e491588e5756b1d3e8375b5964814e2"
  integrity sha512-VV5C6Kr53YVHGOBKO/F86OYX6/iLTw2yVSI721gKetxpHCK/V5TaLEf9ODjRgl1KLSWRMY6cUhAbv/c+IUnwQw==

dropzone@^4.3.0:
  version "4.3.0"
  resolved "https://registry.yarnpkg.com/dropzone/-/dropzone-4.3.0.tgz#48b0b8f2ad092872e4b535b672a7c3f1a1d67c91"
  integrity sha1-SLC48q0JKHLktTW2cqfD8aHWfJE=

global@^4.3.1:
  version "4.4.0"
  resolved "https://registry.yarnpkg.com/global/-/global-4.4.0.tgz#3e7b105179006a323ed71aafca3e9c57a5cc6406"
  integrity sha512-wv/LAoHdRE3BeTGz53FAamhGlPLhlssK45usmGFThIi4XqnBmjKQ16u+RNbP7WvigRZDxUsM0J3gcQ5yicaL0w==
  dependencies:
    min-document "^2.19.0"
    process "^0.11.10"

"jquery@>= 1.9.0", jquery@>=1.7, jquery@^3.5.1:
  version "3.6.0"
  resolved "https://registry.yarnpkg.com/jquery/-/jquery-3.6.0.tgz#c72a09f15c1bdce142f49dbf1170bdf8adac2470"
  integrity sha512-JVzAR/AjBvVt2BmYhxRCSYysDsPcssdmTFnzyLEts9qNwmjmu4JTAMYubEfwVOSwpQ1I1sKKFcxhZCI2buerfw==

"js-tokens@^3.0.0 || ^4.0.0":
  version "4.0.0"
  resolved "https://registry.yarnpkg.com/js-tokens/-/js-tokens-4.0.0.tgz#19203fb59991df98e3a287050d4647cdeaf32499"
  integrity sha512-RdJUflcE3cUzKiMqQgsCu06FPu9UdIJO0beYbPhHN4k6apgJtifcoCtT9bcxOpYBtpD2kCM6Sbzg4CausW/PKQ==

loose-envify@^1.4.0:
  version "1.4.0"
  resolved "https://registry.yarnpkg.com/loose-envify/-/loose-envify-1.4.0.tgz#71ee51fa7be4caec1a63839f7e682d8132d30caf"
  integrity sha512-lyuxPGr/Wfhrlem2CL/UcnUc1zcqKAImBDzukY7Y5F/yQiNdko6+fRLevlw1HgMySw7f611UIY408EtxRSoK3Q==
  dependencies:
    js-tokens "^3.0.0 || ^4.0.0"

mediaelement@^4.2.16:
  version "4.2.16"
  resolved "https://registry.yarnpkg.com/mediaelement/-/mediaelement-4.2.16.tgz#399a41815478134bbaf0f8f5a216f444de244d72"
  integrity sha512-5GinxsRpVA36w6tAD6nTqVSiZ0LzIhqUrzD8wzOAtZPPM7NOwOBtz6Oa85VemS+3Jvoo38jM1RvNqwKYJBBxtQ==
  dependencies:
    global "^4.3.1"

min-document@^2.19.0:
  version "2.19.0"
  resolved "https://registry.yarnpkg.com/min-document/-/min-document-2.19.0.tgz#7bd282e3f5842ed295bb748cdd9f1ffa2c824685"
  integrity sha1-e9KC4/WELtKVu3SM3Z8f+iyCRoU=
  dependencies:
    dom-walk "^0.1.0"

object-assign@^4.1.1:
  version "4.1.1"
  resolved "https://registry.yarnpkg.com/object-assign/-/object-assign-4.1.1.tgz#2109adc7965887cfc05cbbd442cac8bfbb360863"
  integrity sha1-IQmtx5ZYh8/AXLvUQsrIv7s2CGM=

one-validation@2.0.0:
  version "2.0.0"
  resolved "https://registry.yarnpkg.com/one-validation/-/one-validation-2.0.0.tgz#250ba582f5f182f699d85a5f6a5078cc99a198a6"
  integrity sha1-JQulgvXxgvaZ2FpfalB4zJmhmKY=

opencollective-postinstall@^2.0.2:
  version "2.0.3"
  resolved "https://registry.yarnpkg.com/opencollective-postinstall/-/opencollective-postinstall-2.0.3.tgz#7a0fff978f6dbfa4d006238fbac98ed4198c3259"
  integrity sha512-8AV/sCtuzUeTo8gQK5qDZzARrulB3egtLzFgteqB2tcT4Mw7B8Kt7JcDHmltjz6FOAHsvTevk70gZEbhM4ZS9Q==

piexifjs@^1.0.6:
  version "1.0.6"
  resolved "https://registry.yarnpkg.com/piexifjs/-/piexifjs-1.0.6.tgz#883811d73f447218d0d06e9ed7866d04533e59e0"
  integrity sha512-0wVyH0cKohzBQ5Gi2V1BuxYpxWfxF3cSqfFXfPIpl5tl9XLS5z4ogqhUCD20AbHi0h9aJkqXNJnkVev6gwh2ag==

popper.js@^1.16.1:
  version "1.16.1"
  resolved "https://registry.yarnpkg.com/popper.js/-/popper.js-1.16.1.tgz#2a223cb3dc7b6213d740e40372be40de43e65b1b"
  integrity sha512-Wb4p1J4zyFTbM+u6WuO4XstYx4Ky9Cewe4DWrel7B0w6VVICvPwdOpotjzcf6eD8TsckVnIMNONQyPIUFOUbCQ==

process@^0.11.10:
  version "0.11.10"
  resolved "https://registry.yarnpkg.com/process/-/process-0.11.10.tgz#7332300e840161bda3e69a1d1d91a7d4bc16f182"
  integrity sha1-czIwDoQBYb2j5podHZGn1LwW8YI=

prop-types@^15.7.2:
  version "15.7.2"
  resolved "https://registry.yarnpkg.com/prop-types/-/prop-types-15.7.2.tgz#52c41e75b8c87e72b9d9360e0206b99dcbffa6c5"
  integrity sha512-8QQikdH7//R2vurIJSutZ1smHYTcLpRWEOlHnzcWHmBYrOGUysKwSsrC89BCiFj3CbrfJ/nXFdJepOVrY1GCHQ==
  dependencies:
    loose-envify "^1.4.0"
    object-assign "^4.1.1"
    react-is "^16.8.1"

punycode@1.3.0:
  version "1.3.0"
  resolved "https://registry.yarnpkg.com/punycode/-/punycode-1.3.0.tgz#7f5009ef539b9444be5c7a19abd2c3ca49e1731c"
  integrity sha1-f1AJ71OblES+XHoZq9LDyknhcxw=

purify@^3.4.0:
  version "3.4.0"
  resolved "https://registry.yarnpkg.com/purify/-/purify-3.4.0.tgz#8917872fb698c797f7c8811de5da8ae6693e617f"
  integrity sha512-yydO0EnYrNDlML0cyvUc/XJhi/sQe8AqRCxLib5AHz1WgykD98EahyZWZhGG2rw5yYF59LQ8KPBdVMPQpf/Fbw==
  dependencies:
    one-validation "2.0.0"
    punycode "1.3.0"
    unicoderegexp "0.3.0"

react-is@^16.8.1:
  version "16.13.1"
  resolved "https://registry.yarnpkg.com/react-is/-/react-is-16.13.1.tgz#789729a4dc36de2999dc156dd6c1d9c18cea56a4"
  integrity sha512-24e6ynE2H+OKt4kqsOvNd8kBpV65zoxbA4BVsEOB3ARVWQki/DHzaUoC5KuON/BiccDaCCTZBuOcfZs70kR8bQ==

sortablejs@^1.10.1:
  version "1.14.0"
  resolved "https://registry.yarnpkg.com/sortablejs/-/sortablejs-1.14.0.tgz#6d2e17ccbdb25f464734df621d4f35d4ab35b3d8"
  integrity sha512-pBXvQCs5/33fdN1/39pPL0NZF20LeRbLQ5jtnheIPN9JQAaufGjKdWduZn4U7wCtVuzKhmRkI0DFYHYRbB2H1w==

unicoderegexp@0.3.0:
  version "0.3.0"
  resolved "https://registry.yarnpkg.com/unicoderegexp/-/unicoderegexp-0.3.0.tgz#955aa57166d960eec338f6c415ed0190cd53b0ca"
  integrity sha1-lVqlcWbZYO7DOPbEFe0BkM1TsMo=
